# herdr-lazy lock — resolved plugin set at last sync.
# Each `owner/repo@commit` reproduces exactly via `plugin install --ref`.
# Commits come from herdr's own `source.resolved_commit`.

natori-hrj/herdr-lazy@8caad442f3710be6aff6872b03069068a931b38f
persiyanov/herdr-reviewr@bd04a644fc32143526622d2e676e81c8a8b149f2
vjeantet/herdr-palette@8f4c6bf5cf6102cec31cfbd5a09ccbb4dcaceb44
cloudmanic/herdr-plus@f38df3570bea8f7ca71dc1ba11bce3b123d14402
ntindle/herdr-resurrect@5afa6755d4f35c62c7522ba4fd04922d1ac69602
ezcorp-org/herdr-git-status@f144c8dac2860e344b6b379d2bcfee229dcf10ad
