# herdr-lazy lock — resolved plugin set at last sync.
# Each `owner/repo@commit` reproduces exactly via `plugin install --ref`.
# Commits come from herdr's own `source.resolved_commit`.

natori-hrj/herdr-lazy@e3ab51c59ba1b44f1d807299fb79a4e088de534f
persiyanov/herdr-reviewr@4c090225af706bf3aaa24b39fea890a72994f40f
vjeantet/herdr-palette@8f4c6bf5cf6102cec31cfbd5a09ccbb4dcaceb44
cloudmanic/herdr-plus@f38df3570bea8f7ca71dc1ba11bce3b123d14402
ntindle/herdr-resurrect@5afa6755d4f35c62c7522ba4fd04922d1ac69602
ezcorp-org/herdr-git-status@f144c8dac2860e344b6b379d2bcfee229dcf10ad
