# herdr-lazy lock — resolved plugin set at last sync.
# Each `owner/repo@commit` reproduces exactly via `plugin install --ref`.
# Commits come from herdr's own `source.resolved_commit`.

natori-hrj/herdr-lazy@65414af74cc5e3a1b2c8d45e106d7b71cb423ae8
persiyanov/herdr-reviewr@4c090225af706bf3aaa24b39fea890a72994f40f
vjeantet/herdr-palette@05d1a11fe34898ba35ddd1714663c9ca96cb0068
cloudmanic/herdr-plus@f38df3570bea8f7ca71dc1ba11bce3b123d14402
